PODS:
  - another_background_location (0.0.1):
    - Flutter
  - Flutter (1.0.0)

DEPENDENCIES:
  - another_background_location (from `.symlinks/plugins/another_background_location/ios`)
  - Flutter (from `Flutter`)

EXTERNAL SOURCES:
  another_background_location:
    :path: ".symlinks/plugins/another_background_location/ios"
  Flutter:
    :path: Flutter

SPEC CHECKSUMS:
  another_background_location: 048f08a59a823ffb78fbf631589b0a710ef2ecdd
  Flutter: f04841e97a9d0b0a8025694d0796dd46242b2854

PODFILE CHECKSUM: ffd7293eb7d5907b54a367fd400872baeef513a5

COCOAPODS: 1.11.2
